
Microsoft Visual Studio Solution File, Format Version 12.00
Project("{FAE04EC0-301F-11D3-BF4B-00C04F79EFBC}") = "RedisCaching.Web", "RedisCaching.Web\RedisCaching.Web.csproj", "{8E3B1202-A01A-4F0E-9D61-0DD451D3C15C}"
EndProject
Project("{FAE04EC0-301F-11D3-BF4B-00C04F79EFBC}") = "DistributedCaching.Web", "DistributedCaching.Web\DistributedCaching.Web.csproj", "{741B5AC1-1319-44F5-AB8A-F793194853C3}"
EndProject
Global
	GlobalSection(SolutionConfigurationPlatforms) = preSolution
		Debug|Any CPU = Debug|Any CPU
		Release|Any CPU = Release|Any CPU
	EndGlobalSection
	GlobalSection(ProjectConfigurationPlatforms) = postSolution
		{8E3B1202-A01A-4F0E-9D61-0DD451D3C15C}.Debug|Any CPU.ActiveCfg = Debug|Any CPU
		{8E3B1202-A01A-4F0E-9D61-0DD451D3C15C}.Debug|Any CPU.Build.0 = Debug|Any CPU
		{8E3B1202-A01A-4F0E-9D61-0DD451D3C15C}.Release|Any CPU.ActiveCfg = Release|Any CPU
		{8E3B1202-A01A-4F0E-9D61-0DD451D3C15C}.Release|Any CPU.Build.0 = Release|Any CPU
		{741B5AC1-1319-44F5-AB8A-F793194853C3}.Debug|Any CPU.ActiveCfg = Debug|Any CPU
		{741B5AC1-1319-44F5-AB8A-F793194853C3}.Debug|Any CPU.Build.0 = Debug|Any CPU
		{741B5AC1-1319-44F5-AB8A-F793194853C3}.Release|Any CPU.ActiveCfg = Release|Any CPU
		{741B5AC1-1319-44F5-AB8A-F793194853C3}.Release|Any CPU.Build.0 = Release|Any CPU
	EndGlobalSection
EndGlobal
